
Microsoft Visual Studio Solution File, Format Version 12.00
# Visual Studio Version 16
VisualStudioVersion = 16.0.30413.136
MinimumVisualStudioVersion = 10.0.40219.1
Project("{FAE04EC0-301F-11D3-BF4B-00C04F79EFBC}") = "TodoListAutomation", "TodoListAutomation\TodoListAutomation.csproj", "{0DF713BE-6551-47AA-A7BA-23E00C1DB5B7}"
EndProject
Project("{FAE04EC0-301F-11D3-BF4B-00C04F79EFBC}") = "DbFramework", "DBFramework\DbFramework.csproj", "{739B98C6-A60B-4743-AC71-B007A1F8A7D3}"
EndProject
Project("{FAE04EC0-301F-11D3-BF4B-00C04F79EFBC}") = "RestFramework", "RestFramework\RestFramework.csproj", "{C7B8BADC-9B08-4D18-A44B-797CF9E0C26C}"
EndProject
Project("{FAE04EC0-301F-11D3-BF4B-00C04F79EFBC}") = "WebUiFramework", "WebUiFramework\WebUiFramework.csproj", "{878B7592-F2ED-43D1-A86A-603F7774A9DC}"
EndProject
Project("{FAE04EC0-301F-11D3-BF4B-00C04F79EFBC}") = "CommonClasses", "CommonClasses\CommonClasses.csproj", "{8CBA18AC-D899-4AD2-ACBD-FBD27BC2F20A}"
EndProject
Global
	GlobalSection(SolutionConfigurationPlatforms) = preSolution
		Debug|Any CPU = Debug|Any CPU
		Release|Any CPU = Release|Any CPU
	EndGlobalSection
	GlobalSection(ProjectConfigurationPlatforms) = postSolution
		{0DF713BE-6551-47AA-A7BA-23E00C1DB5B7}.Debug|Any CPU.ActiveCfg = Debug|Any CPU
		{0DF713BE-6551-47AA-A7BA-23E00C1DB5B7}.Debug|Any CPU.Build.0 = Debug|Any CPU
		{0DF713BE-6551-47AA-A7BA-23E00C1DB5B7}.Release|Any CPU.ActiveCfg = Release|Any CPU
		{0DF713BE-6551-47AA-A7BA-23E00C1DB5B7}.Release|Any CPU.Build.0 = Release|Any CPU
		{739B98C6-A60B-4743-AC71-B007A1F8A7D3}.Debug|Any CPU.ActiveCfg = Debug|Any CPU
		{739B98C6-A60B-4743-AC71-B007A1F8A7D3}.Debug|Any CPU.Build.0 = Debug|Any CPU
		{739B98C6-A60B-4743-AC71-B007A1F8A7D3}.Release|Any CPU.ActiveCfg = Release|Any CPU
		{739B98C6-A60B-4743-AC71-B007A1F8A7D3}.Release|Any CPU.Build.0 = Release|Any CPU
		{C7B8BADC-9B08-4D18-A44B-797CF9E0C26C}.Debug|Any CPU.ActiveCfg = Debug|Any CPU
		{C7B8BADC-9B08-4D18-A44B-797CF9E0C26C}.Debug|Any CPU.Build.0 = Debug|Any CPU
		{C7B8BADC-9B08-4D18-A44B-797CF9E0C26C}.Release|Any CPU.ActiveCfg = Release|Any CPU
		{C7B8BADC-9B08-4D18-A44B-797CF9E0C26C}.Release|Any CPU.Build.0 = Release|Any CPU
		{878B7592-F2ED-43D1-A86A-603F7774A9DC}.Debug|Any CPU.ActiveCfg = Debug|Any CPU
		{878B7592-F2ED-43D1-A86A-603F7774A9DC}.Debug|Any CPU.Build.0 = Debug|Any CPU
		{878B7592-F2ED-43D1-A86A-603F7774A9DC}.Release|Any CPU.ActiveCfg = Release|Any CPU
		{878B7592-F2ED-43D1-A86A-603F7774A9DC}.Release|Any CPU.Build.0 = Release|Any CPU
		{8CBA18AC-D899-4AD2-ACBD-FBD27BC2F20A}.Debug|Any CPU.ActiveCfg = Debug|Any CPU
		{8CBA18AC-D899-4AD2-ACBD-FBD27BC2F20A}.Debug|Any CPU.Build.0 = Debug|Any CPU
		{8CBA18AC-D899-4AD2-ACBD-FBD27BC2F20A}.Release|Any CPU.ActiveCfg = Release|Any CPU
		{8CBA18AC-D899-4AD2-ACBD-FBD27BC2F20A}.Release|Any CPU.Build.0 = Release|Any CPU
	EndGlobalSection
	GlobalSection(SolutionProperties) = preSolution
		HideSolutionNode = FALSE
	EndGlobalSection
	GlobalSection(ExtensibilityGlobals) = postSolution
		SolutionGuid = {8D02873B-18E8-4D68-A3EA-2C8C0E5D99E6}
	EndGlobalSection
EndGlobal
